Microsoft Visual Studio Solution File, Format Version 12.00
# Visual Studio Version 17
VisualStudioVersion = 17.5.2.0
MinimumVisualStudioVersion = 10.0.40219.1
Project("{FAE04EC0-301F-11D3-BF4B-00C04F79EFBC}") = "ServiceStationBillingApp", "ServiceStationBillingApp\ServiceStationBillingApp.csproj", "{36ADFA48-851B-74BC-A3D4-83A989CE21F1}"
EndProject
Global
	GlobalSection(SolutionConfigurationPlatforms) = preSolution
		Debug|Any CPU = Debug|Any CPU
		Release|Any CPU = Release|Any CPU
	EndGlobalSection
	GlobalSection(ProjectConfigurationPlatforms) = postSolution
		{36ADFA48-851B-74BC-A3D4-83A989CE21F1}.Debug|Any CPU.ActiveCfg = Debug|Any CPU
		{36ADFA48-851B-74BC-A3D4-83A989CE21F1}.Debug|Any CPU.Build.0 = Debug|Any CPU
		{36ADFA48-851B-74BC-A3D4-83A989CE21F1}.Release|Any CPU.ActiveCfg = Release|Any CPU
		{36ADFA48-851B-74BC-A3D4-83A989CE21F1}.Release|Any CPU.Build.0 = Release|Any CPU
	EndGlobalSection
	GlobalSection(SolutionProperties) = preSolution
		HideSolutionNode = FALSE
	EndGlobalSection
	GlobalSection(ExtensibilityGlobals) = postSolution
		SolutionGuid = {81BC9ADE-54C8-472F-AB8B-D28DB621051B}
	EndGlobalSection
EndGlobal
